{
  "pins" : [
    {
      "identity" : "dmsdk-apple-binary-packages",
      "kind" : "remoteSourceControl",
      "location" : "ssh://git@bitbucket.digimarc.net:7999/md/dmsdk-apple-binary-packages.git",
      "state" : {
        "revision" : "d7ed34cfe2984947ba024832aeaacae82c95d04b",
        "version" : "3.6.0-beta1"
      }
    }
  ],
  "version" : 2
}
