{
  "pins" : [
    {
      "identity" : "dmsdk-apple-binary-packages",
      "kind" : "remoteSourceControl",
      "location" : "ssh://git@bitbucket.digimarc.net:7999/md/dmsdk-apple-binary-packages.git",
      "state" : {
        "revision" : "5ed3c5e378aa14c3bb3162c31a8c35ee18708bd8",
        "version" : "3.6.0-beta3"
      }
    }
  ],
  "version" : 2
}
